
Microsoft Visual Studio Solution File, Format Version 12.00
# Visual Studio Version 17
VisualStudioVersion = 17.2.32505.173
MinimumVisualStudioVersion = 10.0.40219.1
Project("{2150E333-8FDC-42A3-9474-1A3956D46DE8}") = "1-Core", "1-Core", "{5FCADD85-E68E-435E-9162-BE8DB7833A23}"
EndProject
Project("{2150E333-8FDC-42A3-9474-1A3956D46DE8}") = "5-Web", "5-Web", "{0FD14587-90DA-4FF6-A988-6B1903BD6C8B}"
EndProject
Project("{2150E333-8FDC-42A3-9474-1A3956D46DE8}") = "4-Services", "4-Services", "{2C4469B6-BA5B-4F3D-94A2-247E0DAD5F90}"
EndProject
Project("{2150E333-8FDC-42A3-9474-1A3956D46DE8}") = "2-Application", "2-Application", "{8326B2F3-74A2-4370-9CD5-9FE22781CA1A}"
EndProject
Project("{2150E333-8FDC-42A3-9474-1A3956D46DE8}") = "3-Data", "3-Data", "{1461ABEE-2632-42C5-8934-C500B30E1E2B}"
EndProject
Project("{2150E333-8FDC-42A3-9474-1A3956D46DE8}") = "Base", "Base", "{F7A642A1-5E62-4BF4-897D-B06ED9687780}"
EndProject
Project("{2150E333-8FDC-42A3-9474-1A3956D46DE8}") = "Extension", "Extension", "{880E9B6B-FEAB-4184-BD9B-EABEE01FBB54}"
EndProject
Project("{FAE04EC0-301F-11D3-BF4B-00C04F79EFBC}") = "Simple.Data", "Data\Simple.Data\Simple.Data.csproj", "{0C0167D0-00C0-425A-80D0-952BAA78746C}"
EndProject
Project("{FAE04EC0-301F-11D3-BF4B-00C04F79EFBC}") = "Simple.Core", "Core\Simple.Core\Simple.Core.csproj", "{151BB68B-5037-4E13-8C03-F55BB1BA809B}"
EndProject
Project("{FAE04EC0-301F-11D3-BF4B-00C04F79EFBC}") = "Simple.Web", "Web\Simple.Web\Simple.Web.csproj", "{2FBDFC67-DDC1-4181-ABB2-F6B17CABC636}"
EndProject
Project("{FAE04EC0-301F-11D3-BF4B-00C04F79EFBC}") = "Simple.Application.Security", "Application\Simple.Application.Security\Simple.Application.Security.csproj", "{415B6765-A491-4F20-A178-B2C5D9047480}"
EndProject
Project("{FAE04EC0-301F-11D3-BF4B-00C04F79EFBC}") = "Simple.Application.QrCode", "Application\Simple.Application.QrCode\Simple.Application.QrCode.csproj", "{F1FDC47C-722F-4484-9001-9F4E96E17796}"
EndProject
Project("{FAE04EC0-301F-11D3-BF4B-00C04F79EFBC}") = "Simple.Services.System", "Services\Extension\Simple.Services.System\Simple.Services.System.csproj", "{FB0615A4-792A-4A43-807E-927E085C0772}"
EndProject
Project("{FAE04EC0-301F-11D3-BF4B-00C04F79EFBC}") = "Simple.Services.DbInitial", "Services\Base\Simple.Services.DbInitial\Simple.Services.DbInitial.csproj", "{A573F1D6-75E6-4B24-9EAB-C3AE22445B45}"
EndProject
Global
	GlobalSection(SolutionConfigurationPlatforms) = preSolution
		Debug|Any CPU = Debug|Any CPU
		Release|Any CPU = Release|Any CPU
	EndGlobalSection
	GlobalSection(ProjectConfigurationPlatforms) = postSolution
		{0C0167D0-00C0-425A-80D0-952BAA78746C}.Debug|Any CPU.ActiveCfg = Debug|Any CPU
		{0C0167D0-00C0-425A-80D0-952BAA78746C}.Debug|Any CPU.Build.0 = Debug|Any CPU
		{0C0167D0-00C0-425A-80D0-952BAA78746C}.Release|Any CPU.ActiveCfg = Release|Any CPU
		{0C0167D0-00C0-425A-80D0-952BAA78746C}.Release|Any CPU.Build.0 = Release|Any CPU
		{151BB68B-5037-4E13-8C03-F55BB1BA809B}.Debug|Any CPU.ActiveCfg = Debug|Any CPU
		{151BB68B-5037-4E13-8C03-F55BB1BA809B}.Debug|Any CPU.Build.0 = Debug|Any CPU
		{151BB68B-5037-4E13-8C03-F55BB1BA809B}.Release|Any CPU.ActiveCfg = Release|Any CPU
		{151BB68B-5037-4E13-8C03-F55BB1BA809B}.Release|Any CPU.Build.0 = Release|Any CPU
		{2FBDFC67-DDC1-4181-ABB2-F6B17CABC636}.Debug|Any CPU.ActiveCfg = Debug|Any CPU
		{2FBDFC67-DDC1-4181-ABB2-F6B17CABC636}.Debug|Any CPU.Build.0 = Debug|Any CPU
		{2FBDFC67-DDC1-4181-ABB2-F6B17CABC636}.Release|Any CPU.ActiveCfg = Release|Any CPU
		{2FBDFC67-DDC1-4181-ABB2-F6B17CABC636}.Release|Any CPU.Build.0 = Release|Any CPU
		{415B6765-A491-4F20-A178-B2C5D9047480}.Debug|Any CPU.ActiveCfg = Debug|Any CPU
		{415B6765-A491-4F20-A178-B2C5D9047480}.Debug|Any CPU.Build.0 = Debug|Any CPU
		{415B6765-A491-4F20-A178-B2C5D9047480}.Release|Any CPU.ActiveCfg = Release|Any CPU
		{415B6765-A491-4F20-A178-B2C5D9047480}.Release|Any CPU.Build.0 = Release|Any CPU
		{F1FDC47C-722F-4484-9001-9F4E96E17796}.Debug|Any CPU.ActiveCfg = Debug|Any CPU
		{F1FDC47C-722F-4484-9001-9F4E96E17796}.Debug|Any CPU.Build.0 = Debug|Any CPU
		{F1FDC47C-722F-4484-9001-9F4E96E17796}.Release|Any CPU.ActiveCfg = Release|Any CPU
		{F1FDC47C-722F-4484-9001-9F4E96E17796}.Release|Any CPU.Build.0 = Release|Any CPU
		{FB0615A4-792A-4A43-807E-927E085C0772}.Debug|Any CPU.ActiveCfg = Debug|Any CPU
		{FB0615A4-792A-4A43-807E-927E085C0772}.Debug|Any CPU.Build.0 = Debug|Any CPU
		{FB0615A4-792A-4A43-807E-927E085C0772}.Release|Any CPU.ActiveCfg = Release|Any CPU
		{FB0615A4-792A-4A43-807E-927E085C0772}.Release|Any CPU.Build.0 = Release|Any CPU
		{A573F1D6-75E6-4B24-9EAB-C3AE22445B45}.Debug|Any CPU.ActiveCfg = Debug|Any CPU
		{A573F1D6-75E6-4B24-9EAB-C3AE22445B45}.Debug|Any CPU.Build.0 = Debug|Any CPU
		{A573F1D6-75E6-4B24-9EAB-C3AE22445B45}.Release|Any CPU.ActiveCfg = Release|Any CPU
		{A573F1D6-75E6-4B24-9EAB-C3AE22445B45}.Release|Any CPU.Build.0 = Release|Any CPU
	EndGlobalSection
	GlobalSection(SolutionProperties) = preSolution
		HideSolutionNode = FALSE
	EndGlobalSection
	GlobalSection(ExtensibilityGlobals) = postSolution
		SolutionGuid = {D0B45463-9381-49AD-BFB3-C842BDF339DF}
	EndGlobalSection
	GlobalSection(NestedProjects) = preSolution
		{F7A642A1-5E62-4BF4-897D-B06ED9687780} = {2C4469B6-BA5B-4F3D-94A2-247E0DAD5F90}
		{880E9B6B-FEAB-4184-BD9B-EABEE01FBB54} = {2C4469B6-BA5B-4F3D-94A2-247E0DAD5F90}
		{0C0167D0-00C0-425A-80D0-952BAA78746C} = {1461ABEE-2632-42C5-8934-C500B30E1E2B}
		{151BB68B-5037-4E13-8C03-F55BB1BA809B} = {5FCADD85-E68E-435E-9162-BE8DB7833A23}
		{2FBDFC67-DDC1-4181-ABB2-F6B17CABC636} = {0FD14587-90DA-4FF6-A988-6B1903BD6C8B}
		{415B6765-A491-4F20-A178-B2C5D9047480} = {8326B2F3-74A2-4370-9CD5-9FE22781CA1A}
		{F1FDC47C-722F-4484-9001-9F4E96E17796} = {8326B2F3-74A2-4370-9CD5-9FE22781CA1A}
		{FB0615A4-792A-4A43-807E-927E085C0772} = {880E9B6B-FEAB-4184-BD9B-EABEE01FBB54}
		{A573F1D6-75E6-4B24-9EAB-C3AE22445B45} = {F7A642A1-5E62-4BF4-897D-B06ED9687780}
	EndGlobalSection
EndGlobal
